// !$*UTF8*$!
{
	archiveVersion = 1;
	classes = {
	};
	objectVersion = 46;
	objects = {

/* Begin PBXBuildFile section */
		8B11E0951A8886B100C4F954 /* check.png in Resources */ = {isa = PBXBuildFile; fileRef = 8B11E0931A8886B100C4F954 /* check.png */; };
		8B11E0961A8886B100C4F954 /* check@2x.png in Resources */ = {isa = PBXBuildFile; fileRef = 8B11E0941A8886B100C4F954 /* check@2x.png */; };
		8B71FC8E1A85E93500C57C0A /* main.m in Sources */ = {isa = PBXBuildFile; fileRef = 8B71FC8D1A85E93500C57C0A /* main.m */; };
		8B71FC911A85E93500C57C0A /* AppDelegate.m in Sources */ = {isa = PBXBuildFile; fileRef = 8B71FC901A85E93500C57C0A /* AppDelegate.m */; };
		8B71FC941A85E93500C57C0A /* ViewController.m in Sources */ = {isa = PBXBuildFile; fileRef = 8B71FC931A85E93500C57C0A /* ViewController.m */; };
		8B71FC971A85E93500C57C0A /* Main.storyboard in Resources */ = {isa = PBXBuildFile; fileRef = 8B71FC951A85E93500C57C0A /* Main.storyboard */; };
		8B71FC991A85E93500C57C0A /* Images.xcassets in Resources */ = {isa = PBXBuildFile; fileRef = 8B71FC981A85E93500C57C0A /* Images.xcassets */; };
		8B71FC9C1A85E93500C57C0A /* LaunchScreen.xib in Resources */ = {isa = PBXBuildFile; fileRef = 8B71FC9A1A85E93500C57C0A /* LaunchScreen.xib */; };
		8B71FCA81A85E93500C57C0A /* PaypalTests.m in Sources */ = {isa = PBXBuildFile; fileRef = 8B71FCA71A85E93500C57C0A /* PaypalTests.m */; };
		8B71FCD11A8618EA00C57C0A /* AVFoundation.framework in Frameworks */ = {isa = PBXBuildFile; fileRef = 8B71FCD01A8618EA00C57C0A /* AVFoundation.framework */; };
		8B71FCD21A86191B00C57C0A /* AudioToolbox.framework in Frameworks */ = {isa = PBXBuildFile; fileRef = 8B71FCCE1A8618E200C57C0A /* AudioToolbox.framework */; };
		8B71FCD41A86196C00C57C0A /* MobileCoreServices.framework in Frameworks */ = {isa = PBXBuildFile; fileRef = 8B71FCD31A86196C00C57C0A /* MobileCoreServices.framework */; };
		8B71FCD61A86197F00C57C0A /* CoreGraphics.framework in Frameworks */ = {isa = PBXBuildFile; fileRef = 8B71FCD51A86197F00C57C0A /* CoreGraphics.framework */; };
		8B71FCD81A86198C00C57C0A /* CoreLocation.framework in Frameworks */ = {isa = PBXBuildFile; fileRef = 8B71FCD71A86198C00C57C0A /* CoreLocation.framework */; };
		8B71FCDA1A86199A00C57C0A /* CoreMedia.framework in Frameworks */ = {isa = PBXBuildFile; fileRef = 8B71FCD91A86199A00C57C0A /* CoreMedia.framework */; };
		8B71FCDC1A8619AD00C57C0A /* CoreVideo.framework in Frameworks */ = {isa = PBXBuildFile; fileRef = 8B71FCDB1A8619AD00C57C0A /* CoreVideo.framework */; };
		8B71FCDE1A8619BF00C57C0A /* MessageUI.framework in Frameworks */ = {isa = PBXBuildFile; fileRef = 8B71FCDD1A8619BF00C57C0A /* MessageUI.framework */; };
		8B71FCE01A8619D400C57C0A /* OpenGLES.framework in Frameworks */ = {isa = PBXBuildFile; fileRef = 8B71FCDF1A8619D400C57C0A /* OpenGLES.framework */; };
		8B71FCE21A8619E600C57C0A /* QuartzCore.framework in Frameworks */ = {isa = PBXBuildFile; fileRef = 8B71FCE11A8619E600C57C0A /* QuartzCore.framework */; };
		8B71FCE41A8619F600C57C0A /* SystemConfiguration.framework in Frameworks */ = {isa = PBXBuildFile; fileRef = 8B71FCE31A8619F600C57C0A /* SystemConfiguration.framework */; };
		8B71FCE61A861A0300C57C0A /* Security.framework in Frameworks */ = {isa = PBXBuildFile; fileRef = 8B71FCE51A861A0300C57C0A /* Security.framework */; };
		8B71FCE81A861A1400C57C0A /* UIKit.framework in Frameworks */ = {isa = PBXBuildFile; fileRef = 8B71FCE71A861A1400C57C0A /* UIKit.framework */; };
		8B71FCEA1A861A3300C57C0A /* libxml2.dylib in Frameworks */ = {isa = PBXBuildFile; fileRef = 8B71FCE91A861A3300C57C0A /* libxml2.dylib */; };
		8B71FD001A861BA400C57C0A /* Foundation.framework in Frameworks */ = {isa = PBXBuildFile; fileRef = 8B71FCFF1A861BA300C57C0A /* Foundation.framework */; };
		8B71FD021A861BEB00C57C0A /* libPayPalMobile.a in Frameworks */ = {isa = PBXBuildFile; fileRef = 8B71FD011A861BEB00C57C0A /* libPayPalMobile.a */; };
		8B71FD041A861D5B00C57C0A /* libc++.dylib in Frameworks */ = {isa = PBXBuildFile; fileRef = 8B71FD031A861D5B00C57C0A /* libc++.dylib */; };
/* End PBXBuildFile section */

/* Begin PBXContainerItemProxy section */
		8B71FCA21A85E93500C57C0A /* PBXContainerItemProxy */ = {
			isa = PBXContainerItemProxy;
			containerPortal = 8B71FC801A85E93500C57C0A /* Project object */;
			proxyType = 1;
			remoteGlobalIDString = 8B71FC871A85E93500C57C0A;
			remoteInfo = Paypal;
		};
/* End PBXContainerItemProxy section */

/* Begin PBXFileReference section */
		8B11E0931A8886B100C4F954 /* check.png */ = {isa = PBXFileReference; lastKnownFileType = image.png; path = check.png; sourceTree = "<group>"; };
		8B11E0941A8886B100C4F954 /* check@2x.png */ = {isa = PBXFileReference; lastKnownFileType = image.png; path = "check@2x.png"; sourceTree = "<group>"; };
		8B71FC881A85E93500C57C0A /* Paypal.app */ = {isa = PBXFileReference; explicitFileType = wrapper.application; includeInIndex = 0; path = Paypal.app; sourceTree = BUILT_PRODUCTS_DIR; };
		8B71FC8C1A85E93500C57C0A /* Info.plist */ = {isa = PBXFileReference; lastKnownFileType = text.plist.xml; path = Info.plist; sourceTree = "<group>"; };
		8B71FC8D1A85E93500C57C0A /* main.m */ = {isa = PBXFileReference; lastKnownFileType = sourcecode.c.objc; path = main.m; sourceTree = "<group>"; };
		8B71FC8F1A85E93500C57C0A /* AppDelegate.h */ = {isa = PBXFileReference; lastKnownFileType = sourcecode.c.h; path = AppDelegate.h; sourceTree = "<group>"; };
		8B71FC901A85E93500C57C0A /* AppDelegate.m */ = {isa = PBXFileReference; lastKnownFileType = sourcecode.c.objc; path = AppDelegate.m; sourceTree = "<group>"; };
		8B71FC921A85E93500C57C0A /* ViewController.h */ = {isa = PBXFileReference; lastKnownFileType = sourcecode.c.h; path = ViewController.h; sourceTree = "<group>"; };
		8B71FC931A85E93500C57C0A /* ViewController.m */ = {isa = PBXFileReference; lastKnownFileType = sourcecode.c.objc; path = ViewController.m; sourceTree = "<group>"; };
		8B71FC961A85E93500C57C0A /* Base */ = {isa = PBXFileReference; lastKnownFileType = file.storyboard; name = Base; path = Base.lproj/Main.storyboard; sourceTree = "<group>"; };
		8B71FC981A85E93500C57C0A /* Images.xcassets */ = {isa = PBXFileReference; lastKnownFileType = folder.assetcatalog; path = Images.xcassets; sourceTree = "<group>"; };
		8B71FC9B1A85E93500C57C0A /* Base */ = {isa = PBXFileReference; lastKnownFileType = file.xib; name = Base; path = Base.lproj/LaunchScreen.xib; sourceTree = "<group>"; };
		8B71FCA11A85E93500C57C0A /* PaypalTests.xctest */ = {isa = PBXFileReference; explicitFileType = wrapper.cfbundle; includeInIndex = 0; path = PaypalTests.xctest; sourceTree = BUILT_PRODUCTS_DIR; };
		8B71FCA61A85E93500C57C0A /* Info.plist */ = {isa = PBXFileReference; lastKnownFileType = text.plist.xml; path = Info.plist; sourceTree = "<group>"; };
		8B71FCA71A85E93500C57C0A /* PaypalTests.m */ = {isa = PBXFileReference; lastKnownFileType = sourcecode.c.objc; path = PaypalTests.m; sourceTree = "<group>"; };
		8B71FCCE1A8618E200C57C0A /* AudioToolbox.framework */ = {isa = PBXFileReference; lastKnownFileType = wrapper.framework; name = AudioToolbox.framework; path = System/Library/Frameworks/AudioToolbox.framework; sourceTree = SDKROOT; };
		8B71FCD01A8618EA00C57C0A /* AVFoundation.framework */ = {isa = PBXFileReference; lastKnownFileType = wrapper.framework; name = AVFoundation.framework; path = System/Library/Frameworks/AVFoundation.framework; sourceTree = SDKROOT; };
		8B71FCD31A86196C00C57C0A /* MobileCoreServices.framework */ = {isa = PBXFileReference; lastKnownFileType = wrapper.framework; name = MobileCoreServices.framework; path = System/Library/Frameworks/MobileCoreServices.framework; sourceTree = SDKROOT; };
		8B71FCD51A86197F00C57C0A /* CoreGraphics.framework */ = {isa = PBXFileReference; lastKnownFileType = wrapper.framework; name = CoreGraphics.framework; path = System/Library/Frameworks/CoreGraphics.framework; sourceTree = SDKROOT; };
		8B71FCD71A86198C00C57C0A /* CoreLocation.framework */ = {isa = PBXFileReference; lastKnownFileType = wrapper.framework; name = CoreLocation.framework; path = System/Library/Frameworks/CoreLocation.framework; sourceTree = SDKROOT; };
		8B71FCD91A86199A00C57C0A /* CoreMedia.framework */ = {isa = PBXFileReference; lastKnownFileType = wrapper.framework; name = CoreMedia.framework; path = System/Library/Frameworks/CoreMedia.framework; sourceTree = SDKROOT; };
		8B71FCDB1A8619AD00C57C0A /* CoreVideo.framework */ = {isa = PBXFileReference; lastKnownFileType = wrapper.framework; name = CoreVideo.framework; path = System/Library/Frameworks/CoreVideo.framework; sourceTree = SDKROOT; };
		8B71FCDD1A8619BF00C57C0A /* MessageUI.framework */ = {isa = PBXFileReference; lastKnownFileType = wrapper.framework; name = MessageUI.framework; path = System/Library/Frameworks/MessageUI.framework; sourceTree = SDKROOT; };
		8B71FCDF1A8619D400C57C0A /* OpenGLES.framework */ = {isa = PBXFileReference; lastKnownFileType = wrapper.framework; name = OpenGLES.framework; path = System/Library/Frameworks/OpenGLES.framework; sourceTree = SDKROOT; };
		8B71FCE11A8619E600C57C0A /* QuartzCore.framework */ = {isa = PBXFileReference; lastKnownFileType = wrapper.framework; name = QuartzCore.framework; path = System/Library/Frameworks/QuartzCore.framework; sourceTree = SDKROOT; };
		8B71FCE31A8619F600C57C0A /* SystemConfiguration.framework */ = {isa = PBXFileReference; lastKnownFileType = wrapper.framework; name = SystemConfiguration.framework; path = System/Library/Frameworks/SystemConfiguration.framework; sourceTree = SDKROOT; };
		8B71FCE51A861A0300C57C0A /* Security.framework */ = {isa = PBXFileReference; lastKnownFileType = wrapper.framework; name = Security.framework; path = System/Library/Frameworks/Security.framework; sourceTree = SDKROOT; };
		8B71FCE71A861A1400C57C0A /* UIKit.framework */ = {isa = PBXFileReference; lastKnownFileType = wrapper.framework; name = UIKit.framework; path = System/Library/Frameworks/UIKit.framework; sourceTree = SDKROOT; };
		8B71FCE91A861A3300C57C0A /* libxml2.dylib */ = {isa = PBXFileReference; lastKnownFileType = "compiled.mach-o.dylib"; name = libxml2.dylib; path = usr/lib/libxml2.dylib; sourceTree = SDKROOT; };
		8B71FCF71A861ACD00C57C0A /* PayPalConfiguration.h */ = {isa = PBXFileReference; fileEncoding = 4; lastKnownFileType = sourcecode.c.h; path = PayPalConfiguration.h; sourceTree = "<group>"; };
		8B71FCF81A861ACD00C57C0A /* PayPalFuturePaymentViewController.h */ = {isa = PBXFileReference; fileEncoding = 4; lastKnownFileType = sourcecode.c.h; path = PayPalFuturePaymentViewController.h; sourceTree = "<group>"; };
		8B71FCF91A861ACD00C57C0A /* PayPalMobile.h */ = {isa = PBXFileReference; fileEncoding = 4; lastKnownFileType = sourcecode.c.h; path = PayPalMobile.h; sourceTree = "<group>"; };
		8B71FCFA1A861ACD00C57C0A /* PayPalOAuthScopes.h */ = {isa = PBXFileReference; fileEncoding = 4; lastKnownFileType = sourcecode.c.h; path = PayPalOAuthScopes.h; sourceTree = "<group>"; };
		8B71FCFB1A861ACD00C57C0A /* PayPalPayment.h */ = {isa = PBXFileReference; fileEncoding = 4; lastKnownFileType = sourcecode.c.h; path = PayPalPayment.h; sourceTree = "<group>"; };
		8B71FCFC1A861ACD00C57C0A /* PayPalPaymentViewController.h */ = {isa = PBXFileReference; fileEncoding = 4; lastKnownFileType = sourcecode.c.h; path = PayPalPaymentViewController.h; sourceTree = "<group>"; };
		8B71FCFD1A861ACD00C57C0A /* PayPalProfileSharingViewController.h */ = {isa = PBXFileReference; fileEncoding = 4; lastKnownFileType = sourcecode.c.h; path = PayPalProfileSharingViewController.h; sourceTree = "<group>"; };
		8B71FCFF1A861BA300C57C0A /* Foundation.framework */ = {isa = PBXFileReference; lastKnownFileType = wrapper.framework; name = Foundation.framework; path = System/Library/Frameworks/Foundation.framework; sourceTree = SDKROOT; };
		8B71FD011A861BEB00C57C0A /* libPayPalMobile.a */ = {isa = PBXFileReference; lastKnownFileType = archive.ar; path = libPayPalMobile.a; sourceTree = "<group>"; };
		8B71FD031A861D5B00C57C0A /* libc++.dylib */ = {isa = PBXFileReference; lastKnownFileType = "compiled.mach-o.dylib"; name = "libc++.dylib"; path = "usr/lib/libc++.dylib"; sourceTree = SDKROOT; };
/* End PBXFileReference section */

/* Begin PBXFrameworksBuildPhase section */
		8B71FC851A85E93500C57C0A /* Frameworks */ = {
			isa = PBXFrameworksBuildPhase;
			buildActionMask = 2147483647;
			files = (
				8B71FD041A861D5B00C57C0A /* libc++.dylib in Frameworks */,
				8B71FD001A861BA400C57C0A /* Foundation.framework in Frameworks */,
				8B71FCEA1A861A3300C57C0A /* libxml2.dylib in Frameworks */,
				8B71FCE81A861A1400C57C0A /* UIKit.framework in Frameworks */,
				8B71FCE61A861A0300C57C0A /* Security.framework in Frameworks */,
				8B71FCE41A8619F600C57C0A /* SystemConfiguration.framework in Frameworks */,
				8B71FCE21A8619E600C57C0A /* QuartzCore.framework in Frameworks */,
				8B71FD021A861BEB00C57C0A /* libPayPalMobile.a in Frameworks */,
				8B71FCE01A8619D400C57C0A /* OpenGLES.framework in Frameworks */,
				8B71FCDE1A8619BF00C57C0A /* MessageUI.framework in Frameworks */,
				8B71FCDC1A8619AD00C57C0A /* CoreVideo.framework in Frameworks */,
				8B71FCDA1A86199A00C57C0A /* CoreMedia.framework in Frameworks */,
				8B71FCD81A86198C00C57C0A /* CoreLocation.framework in Frameworks */,
				8B71FCD61A86197F00C57C0A /* CoreGraphics.framework in Frameworks */,
				8B71FCD41A86196C00C57C0A /* MobileCoreServices.framework in Frameworks */,
				8B71FCD21A86191B00C57C0A /* AudioToolbox.framework in Frameworks */,
				8B71FCD11A8618EA00C57C0A /* AVFoundation.framework in Frameworks */,
			);
			runOnlyForDeploymentPostprocessing = 0;
		};
		8B71FC9E1A85E93500C57C0A /* Frameworks */ = {
			isa = PBXFrameworksBuildPhase;
			buildActionMask = 2147483647;
			files = (
			);
			runOnlyForDeploymentPostprocessing = 0;
		};
/* End PBXFrameworksBuildPhase section */

/* Begin PBXGroup section */
		8B11E0971A8886B700C4F954 /* Images */ = {
			isa = PBXGroup;
			children = (
				8B11E0931A8886B100C4F954 /* check.png */,
				8B11E0941A8886B100C4F954 /* check@2x.png */,
			);
			name = Images;
			sourceTree = "<group>";
		};
		8B71FC7F1A85E93500C57C0A = {
			isa = PBXGroup;
			children = (
				8B71FCED1A861ACD00C57C0A /* PayPalMobile */,
				8B71FC8A1A85E93500C57C0A /* Paypal */,
				8B71FCA41A85E93500C57C0A /* PaypalTests */,
				8B71FC891A85E93500C57C0A /* Products */,
				8B71FCEB1A861A4C00C57C0A /* Frameworks */,
			);
			sourceTree = "<group>";
		};
		8B71FC891A85E93500C57C0A /* Products */ = {
			isa = PBXGroup;
			children = (
				8B71FC881A85E93500C57C0A /* Paypal.app */,
				8B71FCA11A85E93500C57C0A /* PaypalTests.xctest */,
			);
			name = Products;
			sourceTree = "<group>";
		};
		8B71FC8A1A85E93500C57C0A /* Paypal */ = {
			isa = PBXGroup;
			children = (
				8B11E0971A8886B700C4F954 /* Images */,
				8B71FC8F1A85E93500C57C0A /* AppDelegate.h */,
				8B71FC901A85E93500C57C0A /* AppDelegate.m */,
				8B71FC921A85E93500C57C0A /* ViewController.h */,
				8B71FC931A85E93500C57C0A /* ViewController.m */,
				8B71FC951A85E93500C57C0A /* Main.storyboard */,
				8B71FC981A85E93500C57C0A /* Images.xcassets */,
				8B71FC9A1A85E93500C57C0A /* LaunchScreen.xib */,
				8B71FC8B1A85E93500C57C0A /* Supporting Files */,
			);
			path = Paypal;
			sourceTree = "<group>";
		};
		8B71FC8B1A85E93500C57C0A /* Supporting Files */ = {
			isa = PBXGroup;
			children = (
				8B71FC8C1A85E93500C57C0A /* Info.plist */,
				8B71FC8D1A85E93500C57C0A /* main.m */,
			);
			name = "Supporting Files";
			sourceTree = "<group>";
		};
		8B71FCA41A85E93500C57C0A /* PaypalTests */ = {
			isa = PBXGroup;
			children = (
				8B71FCA71A85E93500C57C0A /* PaypalTests.m */,
				8B71FCA51A85E93500C57C0A /* Supporting Files */,
			);
			path = PaypalTests;
			sourceTree = "<group>";
		};
		8B71FCA51A85E93500C57C0A /* Supporting Files */ = {
			isa = PBXGroup;
			children = (
				8B71FCA61A85E93500C57C0A /* Info.plist */,
			);
			name = "Supporting Files";
			sourceTree = "<group>";
		};
		8B71FCEB1A861A4C00C57C0A /* Frameworks */ = {
			isa = PBXGroup;
			children = (
				8B71FD031A861D5B00C57C0A /* libc++.dylib */,
				8B71FCFF1A861BA300C57C0A /* Foundation.framework */,
				8B71FCCE1A8618E200C57C0A /* AudioToolbox.framework */,
				8B71FCD01A8618EA00C57C0A /* AVFoundation.framework */,
				8B71FCD51A86197F00C57C0A /* CoreGraphics.framework */,
				8B71FCD71A86198C00C57C0A /* CoreLocation.framework */,
				8B71FCD91A86199A00C57C0A /* CoreMedia.framework */,
				8B71FCDB1A8619AD00C57C0A /* CoreVideo.framework */,
				8B71FCE91A861A3300C57C0A /* libxml2.dylib */,
				8B71FCE71A861A1400C57C0A /* UIKit.framework */,
				8B71FCE51A861A0300C57C0A /* Security.framework */,
				8B71FCE31A8619F600C57C0A /* SystemConfiguration.framework */,
				8B71FCE11A8619E600C57C0A /* QuartzCore.framework */,
				8B71FCDF1A8619D400C57C0A /* OpenGLES.framework */,
				8B71FCDD1A8619BF00C57C0A /* MessageUI.framework */,
				8B71FCD31A86196C00C57C0A /* MobileCoreServices.framework */,
			);
			name = Frameworks;
			sourceTree = "<group>";
		};
		8B71FCED1A861ACD00C57C0A /* PayPalMobile */ = {
			isa = PBXGroup;
			children = (
				8B71FD011A861BEB00C57C0A /* libPayPalMobile.a */,
				8B71FCF71A861ACD00C57C0A /* PayPalConfiguration.h */,
				8B71FCF81A861ACD00C57C0A /* PayPalFuturePaymentViewController.h */,
				8B71FCF91A861ACD00C57C0A /* PayPalMobile.h */,
				8B71FCFA1A861ACD00C57C0A /* PayPalOAuthScopes.h */,
				8B71FCFB1A861ACD00C57C0A /* PayPalPayment.h */,
				8B71FCFC1A861ACD00C57C0A /* PayPalPaymentViewController.h */,
				8B71FCFD1A861ACD00C57C0A /* PayPalProfileSharingViewController.h */,
			);
			path = PayPalMobile;
			sourceTree = "<group>";
		};
/* End PBXGroup section */

/* Begin PBXNativeTarget section */
		8B71FC871A85E93500C57C0A /* Paypal */ = {
			isa = PBXNativeTarget;
			buildConfigurationList = 8B71FCAB1A85E93500C57C0A /* Build configuration list for PBXNativeTarget "Paypal" */;
			buildPhases = (
				8B71FC841A85E93500C57C0A /* Sources */,
				8B71FC851A85E93500C57C0A /* Frameworks */,
				8B71FC861A85E93500C57C0A /* Resources */,
			);
			buildRules = (
			);
			dependencies = (
			);
			name = Paypal;
			productName = Paypal;
			productReference = 8B71FC881A85E93500C57C0A /* Paypal.app */;
			productType = "com.apple.product-type.application";
		};
		8B71FCA01A85E93500C57C0A /* PaypalTests */ = {
			isa = PBXNativeTarget;
			buildConfigurationList = 8B71FCAE1A85E93500C57C0A /* Build configuration list for PBXNativeTarget "PaypalTests" */;
			buildPhases = (
				8B71FC9D1A85E93500C57C0A /* Sources */,
				8B71FC9E1A85E93500C57C0A /* Frameworks */,
				8B71FC9F1A85E93500C57C0A /* Resources */,
			);
			buildRules = (
			);
			dependencies = (
				8B71FCA31A85E93500C57C0A /* PBXTargetDependency */,
			);
			name = PaypalTests;
			productName = PaypalTests;
			productReference = 8B71FCA11A85E93500C57C0A /* PaypalTests.xctest */;
			productType = "com.apple.product-type.bundle.unit-test";
		};
/* End PBXNativeTarget section */

/* Begin PBXProject section */
		8B71FC801A85E93500C57C0A /* Project object */ = {
			isa = PBXProject;
			attributes = {
				LastUpgradeCheck = 0610;
				ORGANIZATIONNAME = tech3i;
				TargetAttributes = {
					8B71FC871A85E93500C57C0A = {
						CreatedOnToolsVersion = 6.1.1;
					};
					8B71FCA01A85E93500C57C0A = {
						CreatedOnToolsVersion = 6.1.1;
						TestTargetID = 8B71FC871A85E93500C57C0A;
					};
				};
			};
			buildConfigurationList = 8B71FC831A85E93500C57C0A /* Build configuration list for PBXProject "Paypal" */;
			compatibilityVersion = "Xcode 3.2";
			developmentRegion = English;
			hasScannedForEncodings = 0;
			knownRegions = (
				en,
				Base,
			);
			mainGroup = 8B71FC7F1A85E93500C57C0A;
			productRefGroup = 8B71FC891A85E93500C57C0A /* Products */;
			projectDirPath = "";
			projectRoot = "";
			targets = (
				8B71FC871A85E93500C57C0A /* Paypal */,
				8B71FCA01A85E93500C57C0A /* PaypalTests */,
			);
		};
/* End PBXProject section */

/* Begin PBXResourcesBuildPhase section */
		8B71FC861A85E93500C57C0A /* Resources */ = {
			isa = PBXResourcesBuildPhase;
			buildActionMask = 2147483647;
			files = (
				8B11E0961A8886B100C4F954 /* check@2x.png in Resources */,
				8B71FC971A85E93500C57C0A /* Main.storyboard in Resources */,
				8B71FC9C1A85E93500C57C0A /* LaunchScreen.xib in Resources */,
				8B11E0951A8886B100C4F954 /* check.png in Resources */,
				8B71FC991A85E93500C57C0A /* Images.xcassets in Resources */,
			);
			runOnlyForDeploymentPostprocessing = 0;
		};
		8B71FC9F1A85E93500C57C0A /* Resources */ = {
			isa = PBXResourcesBuildPhase;
			buildActionMask = 2147483647;
			files = (
			);
			runOnlyForDeploymentPostprocessing = 0;
		};
/* End PBXResourcesBuildPhase section */

/* Begin PBXSourcesBuildPhase section */
		8B71FC841A85E93500C57C0A /* Sources */ = {
			isa = PBXSourcesBuildPhase;
			buildActionMask = 2147483647;
			files = (
				8B71FC941A85E93500C57C0A /* ViewController.m in Sources */,
				8B71FC911A85E93500C57C0A /* AppDelegate.m in Sources */,
				8B71FC8E1A85E93500C57C0A /* main.m in Sources */,
			);
			runOnlyForDeploymentPostprocessing = 0;
		};
		8B71FC9D1A85E93500C57C0A /* Sources */ = {
			isa = PBXSourcesBuildPhase;
			buildActionMask = 2147483647;
			files = (
				8B71FCA81A85E93500C57C0A /* PaypalTests.m in Sources */,
			);
			runOnlyForDeploymentPostprocessing = 0;
		};
/* End PBXSourcesBuildPhase section */

/* Begin PBXTargetDependency section */
		8B71FCA31A85E93500C57C0A /* PBXTargetDependency */ = {
			isa = PBXTargetDependency;
			target = 8B71FC871A85E93500C57C0A /* Paypal */;
			targetProxy = 8B71FCA21A85E93500C57C0A /* PBXContainerItemProxy */;
		};
/* End PBXTargetDependency section */

/* Begin PBXVariantGroup section */
		8B71FC951A85E93500C57C0A /* Main.storyboard */ = {
			isa = PBXVariantGroup;
			children = (
				8B71FC961A85E93500C57C0A /* Base */,
			);
			name = Main.storyboard;
			sourceTree = "<group>";
		};
		8B71FC9A1A85E93500C57C0A /* LaunchScreen.xib */ = {
			isa = PBXVariantGroup;
			children = (
				8B71FC9B1A85E93500C57C0A /* Base */,
			);
			name = LaunchScreen.xib;
			sourceTree = "<group>";
		};
/* End PBXVariantGroup section */

/* Begin XCBuildConfiguration section */
		8B71FCA91A85E93500C57C0A /* Debug */ = {
			isa = XCBuildConfiguration;
			buildSettings = {
				ALWAYS_SEARCH_USER_PATHS = NO;
				CLANG_CXX_LANGUAGE_STANDARD = "gnu++0x";
				CLANG_CXX_LIBRARY = "libc++";
				CLANG_ENABLE_MODULES = YES;
				CLANG_ENABLE_OBJC_ARC = YES;
				CLANG_WARN_BOOL_CONVERSION = YES;
				CLANG_WARN_CONSTANT_CONVERSION = YES;
				CLANG_WARN_DIRECT_OBJC_ISA_USAGE = YES_ERROR;
				CLANG_WARN_EMPTY_BODY = YES;
				CLANG_WARN_ENUM_CONVERSION = YES;
				CLANG_WARN_INT_CONVERSION = YES;
				CLANG_WARN_OBJC_ROOT_CLASS = YES_ERROR;
				CLANG_WARN_UNREACHABLE_CODE = YES;
				CLANG_WARN__DUPLICATE_METHOD_MATCH = YES;
				"CODE_SIGN_IDENTITY[sdk=iphoneos*]" = "iPhone Developer";
				COPY_PHASE_STRIP = NO;
				ENABLE_STRICT_OBJC_MSGSEND = YES;
				GCC_C_LANGUAGE_STANDARD = gnu99;
				GCC_DYNAMIC_NO_PIC = NO;
				GCC_OPTIMIZATION_LEVEL = 0;
				GCC_PREPROCESSOR_DEFINITIONS = (
					"DEBUG=1",
					"$(inherited)",
				);
				GCC_SYMBOLS_PRIVATE_EXTERN = NO;
				GCC_WARN_64_TO_32_BIT_CONVERSION = YES;
				GCC_WARN_ABOUT_RETURN_TYPE = YES_ERROR;
				GCC_WARN_UNDECLARED_SELECTOR = YES;
				GCC_WARN_UNINITIALIZED_AUTOS = YES_AGGRESSIVE;
				GCC_WARN_UNUSED_FUNCTION = YES;
				GCC_WARN_UNUSED_VARIABLE = YES;
				IPHONEOS_DEPLOYMENT_TARGET = 8.1;
				MTL_ENABLE_DEBUG_INFO = YES;
				ONLY_ACTIVE_ARCH = YES;
				SDKROOT = iphoneos;
				TARGETED_DEVICE_FAMILY = "1,2";
			};
			name = Debug;
		};
		8B71FCAA1A85E93500C57C0A /* Release */ = {
			isa = XCBuildConfiguration;
			buildSettings = {
				ALWAYS_SEARCH_USER_PATHS = NO;
				CLANG_CXX_LANGUAGE_STANDARD = "gnu++0x";
				CLANG_CXX_LIBRARY = "libc++";
				CLANG_ENABLE_MODULES = YES;
				CLANG_ENABLE_OBJC_ARC = YES;
				CLANG_WARN_BOOL_CONVERSION = YES;
				CLANG_WARN_CONSTANT_CONVERSION = YES;
				CLANG_WARN_DIRECT_OBJC_ISA_USAGE = YES_ERROR;
				CLANG_WARN_EMPTY_BODY = YES;
				CLANG_WARN_ENUM_CONVERSION = YES;
				CLANG_WARN_INT_CONVERSION = YES;
				CLANG_WARN_OBJC_ROOT_CLASS = YES_ERROR;
				CLANG_WARN_UNREACHABLE_CODE = YES;
				CLANG_WARN__DUPLICATE_METHOD_MATCH = YES;
				"CODE_SIGN_IDENTITY[sdk=iphoneos*]" = "iPhone Developer";
				COPY_PHASE_STRIP = YES;
				ENABLE_NS_ASSERTIONS = NO;
				ENABLE_STRICT_OBJC_MSGSEND = YES;
				GCC_C_LANGUAGE_STANDARD = gnu99;
				GCC_WARN_64_TO_32_BIT_CONVERSION = YES;
				GCC_WARN_ABOUT_RETURN_TYPE = YES_ERROR;
				GCC_WARN_UNDECLARED_SELECTOR = YES;
				GCC_WARN_UNINITIALIZED_AUTOS = YES_AGGRESSIVE;
				GCC_WARN_UNUSED_FUNCTION = YES;
				GCC_WARN_UNUSED_VARIABLE = YES;
				IPHONEOS_DEPLOYMENT_TARGET = 8.1;
				MTL_ENABLE_DEBUG_INFO = NO;
				SDKROOT = iphoneos;
				TARGETED_DEVICE_FAMILY = "1,2";
				VALIDATE_PRODUCT = YES;
			};
			name = Release;
		};
		8B71FCAC1A85E93500C57C0A /* Debug */ = {
			isa = XCBuildConfiguration;
			buildSettings = {
				ASSETCATALOG_COMPILER_APPICON_NAME = AppIcon;
				INFOPLIST_FILE = Paypal/Info.plist;
				IPHONEOS_DEPLOYMENT_TARGET = 8.1;
				LD_RUNPATH_SEARCH_PATHS = "$(inherited) @executable_path/Frameworks";
				LIBRARY_SEARCH_PATHS = (
					"$(inherited)",
					"$(PROJECT_DIR)/PayPalMobile",
				);
				"OTHER_LDFLAGS[arch=*]" = (
					"-lc++",
					"-ObjC",
				);
				PRODUCT_NAME = "$(TARGET_NAME)";
			};
			name = Debug;
		};
		8B71FCAD1A85E93500C57C0A /* Release */ = {
			isa = XCBuildConfiguration;
			buildSettings = {
				ASSETCATALOG_COMPILER_APPICON_NAME = AppIcon;
				INFOPLIST_FILE = Paypal/Info.plist;
				IPHONEOS_DEPLOYMENT_TARGET = 8.1;
				LD_RUNPATH_SEARCH_PATHS = "$(inherited) @executable_path/Frameworks";
				LIBRARY_SEARCH_PATHS = (
					"$(inherited)",
					"$(PROJECT_DIR)/PayPalMobile",
				);
				PRODUCT_NAME = "$(TARGET_NAME)";
			};
			name = Release;
		};
		8B71FCAF1A85E93500C57C0A /* Debug */ = {
			isa = XCBuildConfiguration;
			buildSettings = {
				BUNDLE_LOADER = "$(TEST_HOST)";
				FRAMEWORK_SEARCH_PATHS = (
					"$(SDKROOT)/Developer/Library/Frameworks",
					"$(inherited)",
				);
				GCC_PREPROCESSOR_DEFINITIONS = (
					"DEBUG=1",
					"$(inherited)",
				);
				INFOPLIST_FILE = PaypalTests/Info.plist;
				LD_RUNPATH_SEARCH_PATHS = "$(inherited) @executable_path/Frameworks @loader_path/Frameworks";
				PRODUCT_NAME = "$(TARGET_NAME)";
				TEST_HOST = "$(BUILT_PRODUCTS_DIR)/Paypal.app/Paypal";
			};
			name = Debug;
		};
		8B71FCB01A85E93500C57C0A /* Release */ = {
			isa = XCBuildConfiguration;
			buildSettings = {
				BUNDLE_LOADER = "$(TEST_HOST)";
				FRAMEWORK_SEARCH_PATHS = (
					"$(SDKROOT)/Developer/Library/Frameworks",
					"$(inherited)",
				);
				INFOPLIST_FILE = PaypalTests/Info.plist;
				LD_RUNPATH_SEARCH_PATHS = "$(inherited) @executable_path/Frameworks @loader_path/Frameworks";
				PRODUCT_NAME = "$(TARGET_NAME)";
				TEST_HOST = "$(BUILT_PRODUCTS_DIR)/Paypal.app/Paypal";
			};
			name = Release;
		};
/* End XCBuildConfiguration section */

/* Begin XCConfigurationList section */
		8B71FC831A85E93500C57C0A /* Build configuration list for PBXProject "Paypal" */ = {
			isa = XCConfigurationList;
			buildConfigurations = (
				8B71FCA91A85E93500C57C0A /* Debug */,
				8B71FCAA1A85E93500C57C0A /* Release */,
			);
			defaultConfigurationIsVisible = 0;
			defaultConfigurationName = Release;
		};
		8B71FCAB1A85E93500C57C0A /* Build configuration list for PBXNativeTarget "Paypal" */ = {
			isa = XCConfigurationList;
			buildConfigurations = (
				8B71FCAC1A85E93500C57C0A /* Debug */,
				8B71FCAD1A85E93500C57C0A /* Release */,
			);
			defaultConfigurationIsVisible = 0;
			defaultConfigurationName = Release;
		};
		8B71FCAE1A85E93500C57C0A /* Build configuration list for PBXNativeTarget "PaypalTests" */ = {
			isa = XCConfigurationList;
			buildConfigurations = (
				8B71FCAF1A85E93500C57C0A /* Debug */,
				8B71FCB01A85E93500C57C0A /* Release */,
			);
			defaultConfigurationIsVisible = 0;
			defaultConfigurationName = Release;
		};
/* End XCConfigurationList section */
	};
	rootObject = 8B71FC801A85E93500C57C0A /* Project object */;
}
